
Microsoft Visual Studio Solution File, Format Version 12.00
# Visual Studio 15
VisualStudioVersion = 15.0.27703.2000
MinimumVisualStudioVersion = 10.0.40219.1
Project("{FAE04EC0-301F-11D3-BF4B-00C04F79EFBC}") = "SelAutomationBasics", "SelAutomationBasics\SelAutomationBasics.csproj", "{AD7845FD-FAAA-4E77-A525-6A0F3415B76A}"
EndProject
Global
	GlobalSection(SolutionConfigurationPlatforms) = preSolution
		Debug|Any CPU = Debug|Any CPU
		Release|Any CPU = Release|Any CPU
	EndGlobalSection
	GlobalSection(ProjectConfigurationPlatforms) = postSolution
		{AD7845FD-FAAA-4E77-A525-6A0F3415B76A}.Debug|Any CPU.ActiveCfg = Debug|Any CPU
		{AD7845FD-FAAA-4E77-A525-6A0F3415B76A}.Debug|Any CPU.Build.0 = Debug|Any CPU
		{AD7845FD-FAAA-4E77-A525-6A0F3415B76A}.Release|Any CPU.ActiveCfg = Release|Any CPU
		{AD7845FD-FAAA-4E77-A525-6A0F3415B76A}.Release|Any CPU.Build.0 = Release|Any CPU
	EndGlobalSection
	GlobalSection(SolutionProperties) = preSolution
		HideSolutionNode = FALSE
	EndGlobalSection
	GlobalSection(ExtensibilityGlobals) = postSolution
		SolutionGuid = {A20786DA-87DB-41A1-A112-5B87BDFDCEA8}
	EndGlobalSection
EndGlobal
